
Microsoft Visual Studio Solution File, Format Version 12.00
# Visual Studio Version 17
VisualStudioVersion = 17.5.33424.131
MinimumVisualStudioVersion = 10.0.40219.1
Project("{9A19103F-16F7-4668-BE54-9A1E7A4F7556}") = "MVC Product", "MVC Producr\MVC Product.csproj", "{9AD68B8B-0D20-45C9-8501-D3C8A4D74B0A}"
EndProject
Global
	GlobalSection(SolutionConfigurationPlatforms) = preSolution
		Debug|Any CPU = Debug|Any CPU
		Release|Any CPU = Release|Any CPU
	EndGlobalSection
	GlobalSection(ProjectConfigurationPlatforms) = postSolution
		{9AD68B8B-0D20-45C9-8501-D3C8A4D74B0A}.Debug|Any CPU.ActiveCfg = Debug|Any CPU
		{9AD68B8B-0D20-45C9-8501-D3C8A4D74B0A}.Debug|Any CPU.Build.0 = Debug|Any CPU
		{9AD68B8B-0D20-45C9-8501-D3C8A4D74B0A}.Release|Any CPU.ActiveCfg = Release|Any CPU
		{9AD68B8B-0D20-45C9-8501-D3C8A4D74B0A}.Release|Any CPU.Build.0 = Release|Any CPU
	EndGlobalSection
	GlobalSection(SolutionProperties) = preSolution
		HideSolutionNode = FALSE
	EndGlobalSection
	GlobalSection(ExtensibilityGlobals) = postSolution
		SolutionGuid = {722E4329-6DF1-4D03-BEA5-1B8B53B6D741}
	EndGlobalSection
EndGlobal
